
Microsoft Visual Studio Solution File, Format Version 12.00
# Visual Studio Version 17
VisualStudioVersion = 17.0.31903.59
MinimumVisualStudioVersion = 10.0.40219.1
Project("{2150E333-8FDC-42A3-9474-1A3956D46DE8}") = "src", "src", "{827E0CD3-B72D-47B6-A68D-7590B98EB39B}"
EndProject
Project("{FAE04EC0-301F-11D3-BF4B-00C04F79EFBC}") = "PerformanceLab.Abstractions", "src\PerformanceLab.Abstractions\PerformanceLab.Abstractions.csproj", "{FB70C7EE-156D-4278-99EF-EAC63CE620A4}"
EndProject
Project("{FAE04EC0-301F-11D3-BF4B-00C04F79EFBC}") = "PerformanceLab.Analysis", "src\PerformanceLab.Analysis\PerformanceLab.Analysis.csproj", "{E0967519-2698-4708-A66B-C75643D1D93D}"
EndProject
Project("{FAE04EC0-301F-11D3-BF4B-00C04F79EFBC}") = "PerformanceLab.AspNetCore", "src\PerformanceLab.AspNetCore\PerformanceLab.AspNetCore.csproj", "{2649765B-3EE0-429E-9493-069A772AC3FC}"
EndProject
Project("{FAE04EC0-301F-11D3-BF4B-00C04F79EFBC}") = "PerformanceLab.Benchmarks", "src\PerformanceLab.Benchmarks\PerformanceLab.Benchmarks.csproj", "{72DB3D85-A443-4C56-9C1C-987B7EA019EC}"
EndProject
Project("{FAE04EC0-301F-11D3-BF4B-00C04F79EFBC}") = "PerformanceLab.Core", "src\PerformanceLab.Core\PerformanceLab.Core.csproj", "{4ABBE96C-B3E4-4D37-9C38-FA15ACC35AC7}"
EndProject
Project("{FAE04EC0-301F-11D3-BF4B-00C04F79EFBC}") = "PerformanceLab.Data.EfCore", "src\PerformanceLab.Data.EfCore\PerformanceLab.Data.EfCore.csproj", "{376983F8-4898-4D4F-B196-9ED63767FE93}"
EndProject
Project("{FAE04EC0-301F-11D3-BF4B-00C04F79EFBC}") = "PerformanceLab.Data", "src\PerformanceLab.Data\PerformanceLab.Data.csproj", "{6503B526-7BC6-4DDF-9569-F2660E99511C}"
EndProject
Project("{FAE04EC0-301F-11D3-BF4B-00C04F79EFBC}") = "PerformanceLab.Data.Dapper", "src\PerformanceLab.Data.Dapper\PerformanceLab.Data.Dapper.csproj", "{FC438CF1-EBA5-4DA4-88B4-131B7536E4CA}"
EndProject
Project("{FAE04EC0-301F-11D3-BF4B-00C04F79EFBC}") = "PerformanceLab.Data.AdoNet", "src\PerformanceLab.Data.AdoNet\PerformanceLab.Data.AdoNet.csproj", "{F7B04CAB-D704-4E7B-B1F9-29FD2F30E54B}"
EndProject
Project("{FAE04EC0-301F-11D3-BF4B-00C04F79EFBC}") = "PerformanceLab.Caching", "src\PerformanceLab.Caching\PerformanceLab.Caching.csproj", "{6392F153-D474-4B11-9F2A-DB29EA828E17}"
EndProject
Project("{FAE04EC0-301F-11D3-BF4B-00C04F79EFBC}") = "PerformanceLab.Reporting", "src\PerformanceLab.Reporting\PerformanceLab.Reporting.csproj", "{3C84A2B5-C8A3-4834-8503-44074022B660}"
EndProject
Project("{FAE04EC0-301F-11D3-BF4B-00C04F79EFBC}") = "PerformanceLab.Concurrency", "src\PerformanceLab.Concurrency\PerformanceLab.Concurrency.csproj", "{911A1F83-D9CE-4F08-A59F-A31464B5F0D3}"
EndProject
Project("{FAE04EC0-301F-11D3-BF4B-00C04F79EFBC}") = "PerformanceLab.Runtime", "src\PerformanceLab.Runtime\PerformanceLab.Runtime.csproj", "{E9705FEF-0315-4FF2-9456-9FC594CAB51A}"
EndProject
Project("{FAE04EC0-301F-11D3-BF4B-00C04F79EFBC}") = "PerformanceLab.Serialization", "src\PerformanceLab.Serialization\PerformanceLab.Serialization.csproj", "{A150630A-028C-48D0-837E-454A88E48C59}"
EndProject
Project("{FAE04EC0-301F-11D3-BF4B-00C04F79EFBC}") = "PerformanceLab.Web", "src\PerformanceLab.Web\PerformanceLab.Web.csproj", "{31F7D639-9887-45A8-B2A6-E36A1D902D32}"
EndProject
Project("{2150E333-8FDC-42A3-9474-1A3956D46DE8}") = "tests", "tests", "{0AB3BF05-4346-4AA6-1389-037BE0695223}"
EndProject
Project("{FAE04EC0-301F-11D3-BF4B-00C04F79EFBC}") = "PerformanceLab.Analysis.Tests", "tests\PerformanceLab.Analysis.Tests\PerformanceLab.Analysis.Tests.csproj", "{B171F2DC-CE43-4DFA-89D7-BE803AE635F0}"
EndProject
Project("{FAE04EC0-301F-11D3-BF4B-00C04F79EFBC}") = "PerformanceLab.BenchmarkValidationTests", "tests\PerformanceLab.BenchmarkValidationTests\PerformanceLab.BenchmarkValidationTests.csproj", "{A256728A-7836-4D72-A15D-9C182D99F62E}"
EndProject
Project("{FAE04EC0-301F-11D3-BF4B-00C04F79EFBC}") = "PerformanceLab.Core.Tests", "tests\PerformanceLab.Core.Tests\PerformanceLab.Core.Tests.csproj", "{672EC2B7-030D-47C4-BF0F-B56FB51611B7}"
EndProject
Project("{FAE04EC0-301F-11D3-BF4B-00C04F79EFBC}") = "PerformanceLab.IntegrationTests", "tests\PerformanceLab.IntegrationTests\PerformanceLab.IntegrationTests.csproj", "{229D2778-0DB6-4EE5-9E09-98F1A960BBA4}"
EndProject
Project("{FAE04EC0-301F-11D3-BF4B-00C04F79EFBC}") = "PerformanceLab.Reporting.Tests", "tests\PerformanceLab.Reporting.Tests\PerformanceLab.Reporting.Tests.csproj", "{0AE2734C-44F2-4723-8AB0-FDD0B7FCCB54}"
EndProject
Global
	GlobalSection(SolutionConfigurationPlatforms) = preSolution
		Debug|Any CPU = Debug|Any CPU
		Debug|x64 = Debug|x64
		Debug|x86 = Debug|x86
		Release|Any CPU = Release|Any CPU
		Release|x64 = Release|x64
		Release|x86 = Release|x86
	EndGlobalSection
	GlobalSection(ProjectConfigurationPlatforms) = postSolution
		{FB70C7EE-156D-4278-99EF-EAC63CE620A4}.Debug|Any CPU.ActiveCfg = Debug|Any CPU
		{FB70C7EE-156D-4278-99EF-EAC63CE620A4}.Debug|Any CPU.Build.0 = Debug|Any CPU
		{FB70C7EE-156D-4278-99EF-EAC63CE620A4}.Debug|x64.ActiveCfg = Debug|Any CPU
		{FB70C7EE-156D-4278-99EF-EAC63CE620A4}.Debug|x64.Build.0 = Debug|Any CPU
		{FB70C7EE-156D-4278-99EF-EAC63CE620A4}.Debug|x86.ActiveCfg = Debug|Any CPU
		{FB70C7EE-156D-4278-99EF-EAC63CE620A4}.Debug|x86.Build.0 = Debug|Any CPU
		{FB70C7EE-156D-4278-99EF-EAC63CE620A4}.Release|Any CPU.ActiveCfg = Release|Any CPU
		{FB70C7EE-156D-4278-99EF-EAC63CE620A4}.Release|Any CPU.Build.0 = Release|Any CPU
		{FB70C7EE-156D-4278-99EF-EAC63CE620A4}.Release|x64.ActiveCfg = Release|Any CPU
		{FB70C7EE-156D-4278-99EF-EAC63CE620A4}.Release|x64.Build.0 = Release|Any CPU
		{FB70C7EE-156D-4278-99EF-EAC63CE620A4}.Release|x86.ActiveCfg = Release|Any CPU
		{FB70C7EE-156D-4278-99EF-EAC63CE620A4}.Release|x86.Build.0 = Release|Any CPU
		{E0967519-2698-4708-A66B-C75643D1D93D}.Debug|Any CPU.ActiveCfg = Debug|Any CPU
		{E0967519-2698-4708-A66B-C75643D1D93D}.Debug|Any CPU.Build.0 = Debug|Any CPU
		{E0967519-2698-4708-A66B-C75643D1D93D}.Debug|x64.ActiveCfg = Debug|Any CPU
		{E0967519-2698-4708-A66B-C75643D1D93D}.Debug|x64.Build.0 = Debug|Any CPU
		{E0967519-2698-4708-A66B-C75643D1D93D}.Debug|x86.ActiveCfg = Debug|Any CPU
		{E0967519-2698-4708-A66B-C75643D1D93D}.Debug|x86.Build.0 = Debug|Any CPU
		{E0967519-2698-4708-A66B-C75643D1D93D}.Release|Any CPU.ActiveCfg = Release|Any CPU
		{E0967519-2698-4708-A66B-C75643D1D93D}.Release|Any CPU.Build.0 = Release|Any CPU
		{E0967519-2698-4708-A66B-C75643D1D93D}.Release|x64.ActiveCfg = Release|Any CPU
		{E0967519-2698-4708-A66B-C75643D1D93D}.Release|x64.Build.0 = Release|Any CPU
		{E0967519-2698-4708-A66B-C75643D1D93D}.Release|x86.ActiveCfg = Release|Any CPU
		{E0967519-2698-4708-A66B-C75643D1D93D}.Release|x86.Build.0 = Release|Any CPU
		{2649765B-3EE0-429E-9493-069A772AC3FC}.Debug|Any CPU.ActiveCfg = Debug|Any CPU
		{2649765B-3EE0-429E-9493-069A772AC3FC}.Debug|Any CPU.Build.0 = Debug|Any CPU
		{2649765B-3EE0-429E-9493-069A772AC3FC}.Debug|x64.ActiveCfg = Debug|Any CPU
		{2649765B-3EE0-429E-9493-069A772AC3FC}.Debug|x64.Build.0 = Debug|Any CPU
		{2649765B-3EE0-429E-9493-069A772AC3FC}.Debug|x86.ActiveCfg = Debug|Any CPU
		{2649765B-3EE0-429E-9493-069A772AC3FC}.Debug|x86.Build.0 = Debug|Any CPU
		{2649765B-3EE0-429E-9493-069A772AC3FC}.Release|Any CPU.ActiveCfg = Release|Any CPU
		{2649765B-3EE0-429E-9493-069A772AC3FC}.Release|Any CPU.Build.0 = Release|Any CPU
		{2649765B-3EE0-429E-9493-069A772AC3FC}.Release|x64.ActiveCfg = Release|Any CPU
		{2649765B-3EE0-429E-9493-069A772AC3FC}.Release|x64.Build.0 = Release|Any CPU
		{2649765B-3EE0-429E-9493-069A772AC3FC}.Release|x86.ActiveCfg = Release|Any CPU
		{2649765B-3EE0-429E-9493-069A772AC3FC}.Release|x86.Build.0 = Release|Any CPU
		{72DB3D85-A443-4C56-9C1C-987B7EA019EC}.Debug|Any CPU.ActiveCfg = Debug|Any CPU
		{72DB3D85-A443-4C56-9C1C-987B7EA019EC}.Debug|Any CPU.Build.0 = Debug|Any CPU
		{72DB3D85-A443-4C56-9C1C-987B7EA019EC}.Debug|x64.ActiveCfg = Debug|Any CPU
		{72DB3D85-A443-4C56-9C1C-987B7EA019EC}.Debug|x64.Build.0 = Debug|Any CPU
		{72DB3D85-A443-4C56-9C1C-987B7EA019EC}.Debug|x86.ActiveCfg = Debug|Any CPU
		{72DB3D85-A443-4C56-9C1C-987B7EA019EC}.Debug|x86.Build.0 = Debug|Any CPU
		{72DB3D85-A443-4C56-9C1C-987B7EA019EC}.Release|Any CPU.ActiveCfg = Release|Any CPU
		{72DB3D85-A443-4C56-9C1C-987B7EA019EC}.Release|Any CPU.Build.0 = Release|Any CPU
		{72DB3D85-A443-4C56-9C1C-987B7EA019EC}.Release|x64.ActiveCfg = Release|Any CPU
		{72DB3D85-A443-4C56-9C1C-987B7EA019EC}.Release|x64.Build.0 = Release|Any CPU
		{72DB3D85-A443-4C56-9C1C-987B7EA019EC}.Release|x86.ActiveCfg = Release|Any CPU
		{72DB3D85-A443-4C56-9C1C-987B7EA019EC}.Release|x86.Build.0 = Release|Any CPU
		{4ABBE96C-B3E4-4D37-9C38-FA15ACC35AC7}.Debug|Any CPU.ActiveCfg = Debug|Any CPU
		{4ABBE96C-B3E4-4D37-9C38-FA15ACC35AC7}.Debug|Any CPU.Build.0 = Debug|Any CPU
		{4ABBE96C-B3E4-4D37-9C38-FA15ACC35AC7}.Debug|x64.ActiveCfg = Debug|Any CPU
		{4ABBE96C-B3E4-4D37-9C38-FA15ACC35AC7}.Debug|x64.Build.0 = Debug|Any CPU
		{4ABBE96C-B3E4-4D37-9C38-FA15ACC35AC7}.Debug|x86.ActiveCfg = Debug|Any CPU
		{4ABBE96C-B3E4-4D37-9C38-FA15ACC35AC7}.Debug|x86.Build.0 = Debug|Any CPU
		{4ABBE96C-B3E4-4D37-9C38-FA15ACC35AC7}.Release|Any CPU.ActiveCfg = Release|Any CPU
		{4ABBE96C-B3E4-4D37-9C38-FA15ACC35AC7}.Release|Any CPU.Build.0 = Release|Any CPU
		{4ABBE96C-B3E4-4D37-9C38-FA15ACC35AC7}.Release|x64.ActiveCfg = Release|Any CPU
		{4ABBE96C-B3E4-4D37-9C38-FA15ACC35AC7}.Release|x64.Build.0 = Release|Any CPU
		{4ABBE96C-B3E4-4D37-9C38-FA15ACC35AC7}.Release|x86.ActiveCfg = Release|Any CPU
		{4ABBE96C-B3E4-4D37-9C38-FA15ACC35AC7}.Release|x86.Build.0 = Release|Any CPU
		{376983F8-4898-4D4F-B196-9ED63767FE93}.Debug|Any CPU.ActiveCfg = Debug|Any CPU
		{376983F8-4898-4D4F-B196-9ED63767FE93}.Debug|Any CPU.Build.0 = Debug|Any CPU
		{376983F8-4898-4D4F-B196-9ED63767FE93}.Debug|x64.ActiveCfg = Debug|Any CPU
		{376983F8-4898-4D4F-B196-9ED63767FE93}.Debug|x64.Build.0 = Debug|Any CPU
		{376983F8-4898-4D4F-B196-9ED63767FE93}.Debug|x86.ActiveCfg = Debug|Any CPU
		{376983F8-4898-4D4F-B196-9ED63767FE93}.Debug|x86.Build.0 = Debug|Any CPU
		{376983F8-4898-4D4F-B196-9ED63767FE93}.Release|Any CPU.ActiveCfg = Release|Any CPU
		{376983F8-4898-4D4F-B196-9ED63767FE93}.Release|Any CPU.Build.0 = Release|Any CPU
		{376983F8-4898-4D4F-B196-9ED63767FE93}.Release|x64.ActiveCfg = Release|Any CPU
		{376983F8-4898-4D4F-B196-9ED63767FE93}.Release|x64.Build.0 = Release|Any CPU
		{376983F8-4898-4D4F-B196-9ED63767FE93}.Release|x86.ActiveCfg = Release|Any CPU
		{376983F8-4898-4D4F-B196-9ED63767FE93}.Release|x86.Build.0 = Release|Any CPU
		{6503B526-7BC6-4DDF-9569-F2660E99511C}.Debug|Any CPU.ActiveCfg = Debug|Any CPU
		{6503B526-7BC6-4DDF-9569-F2660E99511C}.Debug|Any CPU.Build.0 = Debug|Any CPU
		{6503B526-7BC6-4DDF-9569-F2660E99511C}.Debug|x64.ActiveCfg = Debug|Any CPU
		{6503B526-7BC6-4DDF-9569-F2660E99511C}.Debug|x64.Build.0 = Debug|Any CPU
		{6503B526-7BC6-4DDF-9569-F2660E99511C}.Debug|x86.ActiveCfg = Debug|Any CPU
		{6503B526-7BC6-4DDF-9569-F2660E99511C}.Debug|x86.Build.0 = Debug|Any CPU
		{6503B526-7BC6-4DDF-9569-F2660E99511C}.Release|Any CPU.ActiveCfg = Release|Any CPU
		{6503B526-7BC6-4DDF-9569-F2660E99511C}.Release|Any CPU.Build.0 = Release|Any CPU
		{6503B526-7BC6-4DDF-9569-F2660E99511C}.Release|x64.ActiveCfg = Release|Any CPU
		{6503B526-7BC6-4DDF-9569-F2660E99511C}.Release|x64.Build.0 = Release|Any CPU
		{6503B526-7BC6-4DDF-9569-F2660E99511C}.Release|x86.ActiveCfg = Release|Any CPU
		{6503B526-7BC6-4DDF-9569-F2660E99511C}.Release|x86.Build.0 = Release|Any CPU
		{FC438CF1-EBA5-4DA4-88B4-131B7536E4CA}.Debug|Any CPU.ActiveCfg = Debug|Any CPU
		{FC438CF1-EBA5-4DA4-88B4-131B7536E4CA}.Debug|Any CPU.Build.0 = Debug|Any CPU
		{FC438CF1-EBA5-4DA4-88B4-131B7536E4CA}.Debug|x64.ActiveCfg = Debug|Any CPU
		{FC438CF1-EBA5-4DA4-88B4-131B7536E4CA}.Debug|x64.Build.0 = Debug|Any CPU
		{FC438CF1-EBA5-4DA4-88B4-131B7536E4CA}.Debug|x86.ActiveCfg = Debug|Any CPU
		{FC438CF1-EBA5-4DA4-88B4-131B7536E4CA}.Debug|x86.Build.0 = Debug|Any CPU
		{FC438CF1-EBA5-4DA4-88B4-131B7536E4CA}.Release|Any CPU.ActiveCfg = Release|Any CPU
		{FC438CF1-EBA5-4DA4-88B4-131B7536E4CA}.Release|Any CPU.Build.0 = Release|Any CPU
		{FC438CF1-EBA5-4DA4-88B4-131B7536E4CA}.Release|x64.ActiveCfg = Release|Any CPU
		{FC438CF1-EBA5-4DA4-88B4-131B7536E4CA}.Release|x64.Build.0 = Release|Any CPU
		{FC438CF1-EBA5-4DA4-88B4-131B7536E4CA}.Release|x86.ActiveCfg = Release|Any CPU
		{FC438CF1-EBA5-4DA4-88B4-131B7536E4CA}.Release|x86.Build.0 = Release|Any CPU
		{F7B04CAB-D704-4E7B-B1F9-29FD2F30E54B}.Debug|Any CPU.ActiveCfg = Debug|Any CPU
		{F7B04CAB-D704-4E7B-B1F9-29FD2F30E54B}.Debug|Any CPU.Build.0 = Debug|Any CPU
		{F7B04CAB-D704-4E7B-B1F9-29FD2F30E54B}.Debug|x64.ActiveCfg = Debug|Any CPU
		{F7B04CAB-D704-4E7B-B1F9-29FD2F30E54B}.Debug|x64.Build.0 = Debug|Any CPU
		{F7B04CAB-D704-4E7B-B1F9-29FD2F30E54B}.Debug|x86.ActiveCfg = Debug|Any CPU
		{F7B04CAB-D704-4E7B-B1F9-29FD2F30E54B}.Debug|x86.Build.0 = Debug|Any CPU
		{F7B04CAB-D704-4E7B-B1F9-29FD2F30E54B}.Release|Any CPU.ActiveCfg = Release|Any CPU
		{F7B04CAB-D704-4E7B-B1F9-29FD2F30E54B}.Release|Any CPU.Build.0 = Release|Any CPU
		{F7B04CAB-D704-4E7B-B1F9-29FD2F30E54B}.Release|x64.ActiveCfg = Release|Any CPU
		{F7B04CAB-D704-4E7B-B1F9-29FD2F30E54B}.Release|x64.Build.0 = Release|Any CPU
		{F7B04CAB-D704-4E7B-B1F9-29FD2F30E54B}.Release|x86.ActiveCfg = Release|Any CPU
		{F7B04CAB-D704-4E7B-B1F9-29FD2F30E54B}.Release|x86.Build.0 = Release|Any CPU
		{6392F153-D474-4B11-9F2A-DB29EA828E17}.Debug|Any CPU.ActiveCfg = Debug|Any CPU
		{6392F153-D474-4B11-9F2A-DB29EA828E17}.Debug|Any CPU.Build.0 = Debug|Any CPU
		{6392F153-D474-4B11-9F2A-DB29EA828E17}.Debug|x64.ActiveCfg = Debug|Any CPU
		{6392F153-D474-4B11-9F2A-DB29EA828E17}.Debug|x64.Build.0 = Debug|Any CPU
		{6392F153-D474-4B11-9F2A-DB29EA828E17}.Debug|x86.ActiveCfg = Debug|Any CPU
		{6392F153-D474-4B11-9F2A-DB29EA828E17}.Debug|x86.Build.0 = Debug|Any CPU
		{6392F153-D474-4B11-9F2A-DB29EA828E17}.Release|Any CPU.ActiveCfg = Release|Any CPU
		{6392F153-D474-4B11-9F2A-DB29EA828E17}.Release|Any CPU.Build.0 = Release|Any CPU
		{6392F153-D474-4B11-9F2A-DB29EA828E17}.Release|x64.ActiveCfg = Release|Any CPU
		{6392F153-D474-4B11-9F2A-DB29EA828E17}.Release|x64.Build.0 = Release|Any CPU
		{6392F153-D474-4B11-9F2A-DB29EA828E17}.Release|x86.ActiveCfg = Release|Any CPU
		{6392F153-D474-4B11-9F2A-DB29EA828E17}.Release|x86.Build.0 = Release|Any CPU
		{3C84A2B5-C8A3-4834-8503-44074022B660}.Debug|Any CPU.ActiveCfg = Debug|Any CPU
		{3C84A2B5-C8A3-4834-8503-44074022B660}.Debug|Any CPU.Build.0 = Debug|Any CPU
		{3C84A2B5-C8A3-4834-8503-44074022B660}.Debug|x64.ActiveCfg = Debug|Any CPU
		{3C84A2B5-C8A3-4834-8503-44074022B660}.Debug|x64.Build.0 = Debug|Any CPU
		{3C84A2B5-C8A3-4834-8503-44074022B660}.Debug|x86.ActiveCfg = Debug|Any CPU
		{3C84A2B5-C8A3-4834-8503-44074022B660}.Debug|x86.Build.0 = Debug|Any CPU
		{3C84A2B5-C8A3-4834-8503-44074022B660}.Release|Any CPU.ActiveCfg = Release|Any CPU
		{3C84A2B5-C8A3-4834-8503-44074022B660}.Release|Any CPU.Build.0 = Release|Any CPU
		{3C84A2B5-C8A3-4834-8503-44074022B660}.Release|x64.ActiveCfg = Release|Any CPU
		{3C84A2B5-C8A3-4834-8503-44074022B660}.Release|x64.Build.0 = Release|Any CPU
		{3C84A2B5-C8A3-4834-8503-44074022B660}.Release|x86.ActiveCfg = Release|Any CPU
		{3C84A2B5-C8A3-4834-8503-44074022B660}.Release|x86.Build.0 = Release|Any CPU
		{911A1F83-D9CE-4F08-A59F-A31464B5F0D3}.Debug|Any CPU.ActiveCfg = Debug|Any CPU
		{911A1F83-D9CE-4F08-A59F-A31464B5F0D3}.Debug|Any CPU.Build.0 = Debug|Any CPU
		{911A1F83-D9CE-4F08-A59F-A31464B5F0D3}.Debug|x64.ActiveCfg = Debug|Any CPU
		{911A1F83-D9CE-4F08-A59F-A31464B5F0D3}.Debug|x64.Build.0 = Debug|Any CPU
		{911A1F83-D9CE-4F08-A59F-A31464B5F0D3}.Debug|x86.ActiveCfg = Debug|Any CPU
		{911A1F83-D9CE-4F08-A59F-A31464B5F0D3}.Debug|x86.Build.0 = Debug|Any CPU
		{911A1F83-D9CE-4F08-A59F-A31464B5F0D3}.Release|Any CPU.ActiveCfg = Release|Any CPU
		{911A1F83-D9CE-4F08-A59F-A31464B5F0D3}.Release|Any CPU.Build.0 = Release|Any CPU
		{911A1F83-D9CE-4F08-A59F-A31464B5F0D3}.Release|x64.ActiveCfg = Release|Any CPU
		{911A1F83-D9CE-4F08-A59F-A31464B5F0D3}.Release|x64.Build.0 = Release|Any CPU
		{911A1F83-D9CE-4F08-A59F-A31464B5F0D3}.Release|x86.ActiveCfg = Release|Any CPU
		{911A1F83-D9CE-4F08-A59F-A31464B5F0D3}.Release|x86.Build.0 = Release|Any CPU
		{E9705FEF-0315-4FF2-9456-9FC594CAB51A}.Debug|Any CPU.ActiveCfg = Debug|Any CPU
		{E9705FEF-0315-4FF2-9456-9FC594CAB51A}.Debug|Any CPU.Build.0 = Debug|Any CPU
		{E9705FEF-0315-4FF2-9456-9FC594CAB51A}.Debug|x64.ActiveCfg = Debug|Any CPU
		{E9705FEF-0315-4FF2-9456-9FC594CAB51A}.Debug|x64.Build.0 = Debug|Any CPU
		{E9705FEF-0315-4FF2-9456-9FC594CAB51A}.Debug|x86.ActiveCfg = Debug|Any CPU
		{E9705FEF-0315-4FF2-9456-9FC594CAB51A}.Debug|x86.Build.0 = Debug|Any CPU
		{E9705FEF-0315-4FF2-9456-9FC594CAB51A}.Release|Any CPU.ActiveCfg = Release|Any CPU
		{E9705FEF-0315-4FF2-9456-9FC594CAB51A}.Release|Any CPU.Build.0 = Release|Any CPU
		{E9705FEF-0315-4FF2-9456-9FC594CAB51A}.Release|x64.ActiveCfg = Release|Any CPU
		{E9705FEF-0315-4FF2-9456-9FC594CAB51A}.Release|x64.Build.0 = Release|Any CPU
		{E9705FEF-0315-4FF2-9456-9FC594CAB51A}.Release|x86.ActiveCfg = Release|Any CPU
		{E9705FEF-0315-4FF2-9456-9FC594CAB51A}.Release|x86.Build.0 = Release|Any CPU
		{A150630A-028C-48D0-837E-454A88E48C59}.Debug|Any CPU.ActiveCfg = Debug|Any CPU
		{A150630A-028C-48D0-837E-454A88E48C59}.Debug|Any CPU.Build.0 = Debug|Any CPU
		{A150630A-028C-48D0-837E-454A88E48C59}.Debug|x64.ActiveCfg = Debug|Any CPU
		{A150630A-028C-48D0-837E-454A88E48C59}.Debug|x64.Build.0 = Debug|Any CPU
		{A150630A-028C-48D0-837E-454A88E48C59}.Debug|x86.ActiveCfg = Debug|Any CPU
		{A150630A-028C-48D0-837E-454A88E48C59}.Debug|x86.Build.0 = Debug|Any CPU
		{A150630A-028C-48D0-837E-454A88E48C59}.Release|Any CPU.ActiveCfg = Release|Any CPU
		{A150630A-028C-48D0-837E-454A88E48C59}.Release|Any CPU.Build.0 = Release|Any CPU
		{A150630A-028C-48D0-837E-454A88E48C59}.Release|x64.ActiveCfg = Release|Any CPU
		{A150630A-028C-48D0-837E-454A88E48C59}.Release|x64.Build.0 = Release|Any CPU
		{A150630A-028C-48D0-837E-454A88E48C59}.Release|x86.ActiveCfg = Release|Any CPU
		{A150630A-028C-48D0-837E-454A88E48C59}.Release|x86.Build.0 = Release|Any CPU
		{31F7D639-9887-45A8-B2A6-E36A1D902D32}.Debug|Any CPU.ActiveCfg = Debug|Any CPU
		{31F7D639-9887-45A8-B2A6-E36A1D902D32}.Debug|Any CPU.Build.0 = Debug|Any CPU
		{31F7D639-9887-45A8-B2A6-E36A1D902D32}.Debug|x64.ActiveCfg = Debug|Any CPU
		{31F7D639-9887-45A8-B2A6-E36A1D902D32}.Debug|x64.Build.0 = Debug|Any CPU
		{31F7D639-9887-45A8-B2A6-E36A1D902D32}.Debug|x86.ActiveCfg = Debug|Any CPU
		{31F7D639-9887-45A8-B2A6-E36A1D902D32}.Debug|x86.Build.0 = Debug|Any CPU
		{31F7D639-9887-45A8-B2A6-E36A1D902D32}.Release|Any CPU.ActiveCfg = Release|Any CPU
		{31F7D639-9887-45A8-B2A6-E36A1D902D32}.Release|Any CPU.Build.0 = Release|Any CPU
		{31F7D639-9887-45A8-B2A6-E36A1D902D32}.Release|x64.ActiveCfg = Release|Any CPU
		{31F7D639-9887-45A8-B2A6-E36A1D902D32}.Release|x64.Build.0 = Release|Any CPU
		{31F7D639-9887-45A8-B2A6-E36A1D902D32}.Release|x86.ActiveCfg = Release|Any CPU
		{31F7D639-9887-45A8-B2A6-E36A1D902D32}.Release|x86.Build.0 = Release|Any CPU
		{B171F2DC-CE43-4DFA-89D7-BE803AE635F0}.Debug|Any CPU.ActiveCfg = Debug|Any CPU
		{B171F2DC-CE43-4DFA-89D7-BE803AE635F0}.Debug|Any CPU.Build.0 = Debug|Any CPU
		{B171F2DC-CE43-4DFA-89D7-BE803AE635F0}.Debug|x64.ActiveCfg = Debug|Any CPU
		{B171F2DC-CE43-4DFA-89D7-BE803AE635F0}.Debug|x64.Build.0 = Debug|Any CPU
		{B171F2DC-CE43-4DFA-89D7-BE803AE635F0}.Debug|x86.ActiveCfg = Debug|Any CPU
		{B171F2DC-CE43-4DFA-89D7-BE803AE635F0}.Debug|x86.Build.0 = Debug|Any CPU
		{B171F2DC-CE43-4DFA-89D7-BE803AE635F0}.Release|Any CPU.ActiveCfg = Release|Any CPU
		{B171F2DC-CE43-4DFA-89D7-BE803AE635F0}.Release|Any CPU.Build.0 = Release|Any CPU
		{B171F2DC-CE43-4DFA-89D7-BE803AE635F0}.Release|x64.ActiveCfg = Release|Any CPU
		{B171F2DC-CE43-4DFA-89D7-BE803AE635F0}.Release|x64.Build.0 = Release|Any CPU
		{B171F2DC-CE43-4DFA-89D7-BE803AE635F0}.Release|x86.ActiveCfg = Release|Any CPU
		{B171F2DC-CE43-4DFA-89D7-BE803AE635F0}.Release|x86.Build.0 = Release|Any CPU
		{A256728A-7836-4D72-A15D-9C182D99F62E}.Debug|Any CPU.ActiveCfg = Debug|Any CPU
		{A256728A-7836-4D72-A15D-9C182D99F62E}.Debug|Any CPU.Build.0 = Debug|Any CPU
		{A256728A-7836-4D72-A15D-9C182D99F62E}.Debug|x64.ActiveCfg = Debug|Any CPU
		{A256728A-7836-4D72-A15D-9C182D99F62E}.Debug|x64.Build.0 = Debug|Any CPU
		{A256728A-7836-4D72-A15D-9C182D99F62E}.Debug|x86.ActiveCfg = Debug|Any CPU
		{A256728A-7836-4D72-A15D-9C182D99F62E}.Debug|x86.Build.0 = Debug|Any CPU
		{A256728A-7836-4D72-A15D-9C182D99F62E}.Release|Any CPU.ActiveCfg = Release|Any CPU
		{A256728A-7836-4D72-A15D-9C182D99F62E}.Release|Any CPU.Build.0 = Release|Any CPU
		{A256728A-7836-4D72-A15D-9C182D99F62E}.Release|x64.ActiveCfg = Release|Any CPU
		{A256728A-7836-4D72-A15D-9C182D99F62E}.Release|x64.Build.0 = Release|Any CPU
		{A256728A-7836-4D72-A15D-9C182D99F62E}.Release|x86.ActiveCfg = Release|Any CPU
		{A256728A-7836-4D72-A15D-9C182D99F62E}.Release|x86.Build.0 = Release|Any CPU
		{672EC2B7-030D-47C4-BF0F-B56FB51611B7}.Debug|Any CPU.ActiveCfg = Debug|Any CPU
		{672EC2B7-030D-47C4-BF0F-B56FB51611B7}.Debug|Any CPU.Build.0 = Debug|Any CPU
		{672EC2B7-030D-47C4-BF0F-B56FB51611B7}.Debug|x64.ActiveCfg = Debug|Any CPU
		{672EC2B7-030D-47C4-BF0F-B56FB51611B7}.Debug|x64.Build.0 = Debug|Any CPU
		{672EC2B7-030D-47C4-BF0F-B56FB51611B7}.Debug|x86.ActiveCfg = Debug|Any CPU
		{672EC2B7-030D-47C4-BF0F-B56FB51611B7}.Debug|x86.Build.0 = Debug|Any CPU
		{672EC2B7-030D-47C4-BF0F-B56FB51611B7}.Release|Any CPU.ActiveCfg = Release|Any CPU
		{672EC2B7-030D-47C4-BF0F-B56FB51611B7}.Release|Any CPU.Build.0 = Release|Any CPU
		{672EC2B7-030D-47C4-BF0F-B56FB51611B7}.Release|x64.ActiveCfg = Release|Any CPU
		{672EC2B7-030D-47C4-BF0F-B56FB51611B7}.Release|x64.Build.0 = Release|Any CPU
		{672EC2B7-030D-47C4-BF0F-B56FB51611B7}.Release|x86.ActiveCfg = Release|Any CPU
		{672EC2B7-030D-47C4-BF0F-B56FB51611B7}.Release|x86.Build.0 = Release|Any CPU
		{229D2778-0DB6-4EE5-9E09-98F1A960BBA4}.Debug|Any CPU.ActiveCfg = Debug|Any CPU
		{229D2778-0DB6-4EE5-9E09-98F1A960BBA4}.Debug|Any CPU.Build.0 = Debug|Any CPU
		{229D2778-0DB6-4EE5-9E09-98F1A960BBA4}.Debug|x64.ActiveCfg = Debug|Any CPU
		{229D2778-0DB6-4EE5-9E09-98F1A960BBA4}.Debug|x64.Build.0 = Debug|Any CPU
		{229D2778-0DB6-4EE5-9E09-98F1A960BBA4}.Debug|x86.ActiveCfg = Debug|Any CPU
		{229D2778-0DB6-4EE5-9E09-98F1A960BBA4}.Debug|x86.Build.0 = Debug|Any CPU
		{229D2778-0DB6-4EE5-9E09-98F1A960BBA4}.Release|Any CPU.ActiveCfg = Release|Any CPU
		{229D2778-0DB6-4EE5-9E09-98F1A960BBA4}.Release|Any CPU.Build.0 = Release|Any CPU
		{229D2778-0DB6-4EE5-9E09-98F1A960BBA4}.Release|x64.ActiveCfg = Release|Any CPU
		{229D2778-0DB6-4EE5-9E09-98F1A960BBA4}.Release|x64.Build.0 = Release|Any CPU
		{229D2778-0DB6-4EE5-9E09-98F1A960BBA4}.Release|x86.ActiveCfg = Release|Any CPU
		{229D2778-0DB6-4EE5-9E09-98F1A960BBA4}.Release|x86.Build.0 = Release|Any CPU
		{0AE2734C-44F2-4723-8AB0-FDD0B7FCCB54}.Debug|Any CPU.ActiveCfg = Debug|Any CPU
		{0AE2734C-44F2-4723-8AB0-FDD0B7FCCB54}.Debug|Any CPU.Build.0 = Debug|Any CPU
		{0AE2734C-44F2-4723-8AB0-FDD0B7FCCB54}.Debug|x64.ActiveCfg = Debug|Any CPU
		{0AE2734C-44F2-4723-8AB0-FDD0B7FCCB54}.Debug|x64.Build.0 = Debug|Any CPU
		{0AE2734C-44F2-4723-8AB0-FDD0B7FCCB54}.Debug|x86.ActiveCfg = Debug|Any CPU
		{0AE2734C-44F2-4723-8AB0-FDD0B7FCCB54}.Debug|x86.Build.0 = Debug|Any CPU
		{0AE2734C-44F2-4723-8AB0-FDD0B7FCCB54}.Release|Any CPU.ActiveCfg = Release|Any CPU
		{0AE2734C-44F2-4723-8AB0-FDD0B7FCCB54}.Release|Any CPU.Build.0 = Release|Any CPU
		{0AE2734C-44F2-4723-8AB0-FDD0B7FCCB54}.Release|x64.ActiveCfg = Release|Any CPU
		{0AE2734C-44F2-4723-8AB0-FDD0B7FCCB54}.Release|x64.Build.0 = Release|Any CPU
		{0AE2734C-44F2-4723-8AB0-FDD0B7FCCB54}.Release|x86.ActiveCfg = Release|Any CPU
		{0AE2734C-44F2-4723-8AB0-FDD0B7FCCB54}.Release|x86.Build.0 = Release|Any CPU
	EndGlobalSection
	GlobalSection(SolutionProperties) = preSolution
		HideSolutionNode = FALSE
	EndGlobalSection
	GlobalSection(NestedProjects) = preSolution
		{FB70C7EE-156D-4278-99EF-EAC63CE620A4} = {827E0CD3-B72D-47B6-A68D-7590B98EB39B}
		{E0967519-2698-4708-A66B-C75643D1D93D} = {827E0CD3-B72D-47B6-A68D-7590B98EB39B}
		{2649765B-3EE0-429E-9493-069A772AC3FC} = {827E0CD3-B72D-47B6-A68D-7590B98EB39B}
		{72DB3D85-A443-4C56-9C1C-987B7EA019EC} = {827E0CD3-B72D-47B6-A68D-7590B98EB39B}
		{4ABBE96C-B3E4-4D37-9C38-FA15ACC35AC7} = {827E0CD3-B72D-47B6-A68D-7590B98EB39B}
		{376983F8-4898-4D4F-B196-9ED63767FE93} = {827E0CD3-B72D-47B6-A68D-7590B98EB39B}
		{6503B526-7BC6-4DDF-9569-F2660E99511C} = {827E0CD3-B72D-47B6-A68D-7590B98EB39B}
		{FC438CF1-EBA5-4DA4-88B4-131B7536E4CA} = {827E0CD3-B72D-47B6-A68D-7590B98EB39B}
		{F7B04CAB-D704-4E7B-B1F9-29FD2F30E54B} = {827E0CD3-B72D-47B6-A68D-7590B98EB39B}
		{6392F153-D474-4B11-9F2A-DB29EA828E17} = {827E0CD3-B72D-47B6-A68D-7590B98EB39B}
		{3C84A2B5-C8A3-4834-8503-44074022B660} = {827E0CD3-B72D-47B6-A68D-7590B98EB39B}
		{911A1F83-D9CE-4F08-A59F-A31464B5F0D3} = {827E0CD3-B72D-47B6-A68D-7590B98EB39B}
		{E9705FEF-0315-4FF2-9456-9FC594CAB51A} = {827E0CD3-B72D-47B6-A68D-7590B98EB39B}
		{A150630A-028C-48D0-837E-454A88E48C59} = {827E0CD3-B72D-47B6-A68D-7590B98EB39B}
		{31F7D639-9887-45A8-B2A6-E36A1D902D32} = {827E0CD3-B72D-47B6-A68D-7590B98EB39B}
		{B171F2DC-CE43-4DFA-89D7-BE803AE635F0} = {0AB3BF05-4346-4AA6-1389-037BE0695223}
		{A256728A-7836-4D72-A15D-9C182D99F62E} = {0AB3BF05-4346-4AA6-1389-037BE0695223}
		{672EC2B7-030D-47C4-BF0F-B56FB51611B7} = {0AB3BF05-4346-4AA6-1389-037BE0695223}
		{229D2778-0DB6-4EE5-9E09-98F1A960BBA4} = {0AB3BF05-4346-4AA6-1389-037BE0695223}
		{0AE2734C-44F2-4723-8AB0-FDD0B7FCCB54} = {0AB3BF05-4346-4AA6-1389-037BE0695223}
	EndGlobalSection
EndGlobal
